github.com/extemporalgenome/epochdate v0.0.0-20190226042110-76033ea24270 h1:Oz571tuOfRpnsJPbT3B0JoO0IOURQyE78rS2Px4oJtA=
github.com/extemporalgenome/epochdate v0.0.0-20190226042110-76033ea24270/go.mod h1:+oWmY/Jg7/1mUYAc2vq8bNvDEf3w42ethhxJdqLun1s=
github.com/jolestar/go-commons-pool v2.0.0+incompatible h1:uHn5uRKsLLQSf9f1J5QPY2xREWx/YH+e4bIIXcAuAaE=
github.com/jolestar/go-commons-pool v2.0.0+incompatible/go.mod h1:ChJYIbIch0DMCSU6VU0t0xhPoWDR2mMFIQek3XWU0s8=
